{
  "requires": true,
  "lockfileVersion": 1,
  "dependencies": {
    "emoji-picker-react": {
      "version": "3.4.8",
      "resolved": "https://registry.npmjs.org/emoji-picker-react/-/emoji-picker-react-3.4.8.tgz",
      "integrity": "sha512-HsKsompl0zThl1jhLaRPHnn0MdPVs9AxJRa5KM7OVnteoCx/tNr9iMipC2rI2vAMkKstlkedirswUwKAu2AsDg=="
    },
    "react-icons": {
      "version": "4.2.0",
      "resolved": "https://registry.npmjs.org/react-icons/-/react-icons-4.2.0.tgz",
      "integrity": "sha512-rmzEDFt+AVXRzD7zDE21gcxyBizD/3NqjbX6cmViAgdqfJ2UiLer8927/QhhrXQV7dEj/1EGuOTPp7JnLYVJKQ=="
    }
  }
}
